
Microsoft Visual Studio Solution File, Format Version 12.00
# Visual Studio Version 17
VisualStudioVersion = 17.13.35913.81 d17.13
MinimumVisualStudioVersion = 10.0.40219.1
Project("{FAE04EC0-301F-11D3-BF4B-00C04F79EFBC}") = "Algoritmo", "Algoritmo\Algoritmo.csproj", "{1935D283-0AEE-48E4-AC8D-72D40A078395}"
EndProject
Global
	GlobalSection(SolutionConfigurationPlatforms) = preSolution
		Debug|Any CPU = Debug|Any CPU
		Release|Any CPU = Release|Any CPU
	EndGlobalSection
	GlobalSection(ProjectConfigurationPlatforms) = postSolution
		{1935D283-0AEE-48E4-AC8D-72D40A078395}.Debug|Any CPU.ActiveCfg = Debug|Any CPU
		{1935D283-0AEE-48E4-AC8D-72D40A078395}.Debug|Any CPU.Build.0 = Debug|Any CPU
		{1935D283-0AEE-48E4-AC8D-72D40A078395}.Release|Any CPU.ActiveCfg = Release|Any CPU
		{1935D283-0AEE-48E4-AC8D-72D40A078395}.Release|Any CPU.Build.0 = Release|Any CPU
	EndGlobalSection
	GlobalSection(SolutionProperties) = preSolution
		HideSolutionNode = FALSE
	EndGlobalSection
	GlobalSection(ExtensibilityGlobals) = postSolution
		SolutionGuid = {95F3D652-C311-4FB7-ABEB-56697DB092B9}
	EndGlobalSection
EndGlobal
